Microsoft Visual Studio Solution File, Format Version 12.00
# Visual Studio Version 17
VisualStudioVersion = 17.5.2.0
MinimumVisualStudioVersion = 10.0.40219.1
Project("{FAE04EC0-301F-11D3-BF4B-00C04F79EFBC}") = "Connect 4", "Connect 4.csproj", "{03D02DE9-6CFF-1403-BB7C-B5D93788F07A}"
EndProject
Global
	GlobalSection(SolutionConfigurationPlatforms) = preSolution
		Debug|Any CPU = Debug|Any CPU
		Release|Any CPU = Release|Any CPU
	EndGlobalSection
	GlobalSection(ProjectConfigurationPlatforms) = postSolution
		{03D02DE9-6CFF-1403-BB7C-B5D93788F07A}.Debug|Any CPU.ActiveCfg = Debug|Any CPU
		{03D02DE9-6CFF-1403-BB7C-B5D93788F07A}.Debug|Any CPU.Build.0 = Debug|Any CPU
		{03D02DE9-6CFF-1403-BB7C-B5D93788F07A}.Release|Any CPU.ActiveCfg = Release|Any CPU
		{03D02DE9-6CFF-1403-BB7C-B5D93788F07A}.Release|Any CPU.Build.0 = Release|Any CPU
	EndGlobalSection
	GlobalSection(SolutionProperties) = preSolution
		HideSolutionNode = FALSE
	EndGlobalSection
	GlobalSection(ExtensibilityGlobals) = postSolution
		SolutionGuid = {964A003A-9C68-4767-B0D8-4AD546C42411}
	EndGlobalSection
EndGlobal
